
Microsoft Visual Studio Solution File, Format Version 12.00
# Visual Studio Version 16
VisualStudioVersion = 16.6.30114.105
MinimumVisualStudioVersion = 10.0.40219.1
Project("{FAE04EC0-301F-11D3-BF4B-00C04F79EFBC}") = "API", "API\API.csproj", "{2B175B0F-B75D-402B-9795-C5A1CDFE68C5}"
EndProject
Project("{FAE04EC0-301F-11D3-BF4B-00C04F79EFBC}") = "Application", "Application\Application.csproj", "{5B266959-CDD7-45EC-A306-3D2F910976BD}"
EndProject
Project("{FAE04EC0-301F-11D3-BF4B-00C04F79EFBC}") = "Persistence", "Persistence\Persistence.csproj", "{B077FE23-3D18-42AF-9290-D546BEB73EAB}"
EndProject
Project("{FAE04EC0-301F-11D3-BF4B-00C04F79EFBC}") = "Domain", "Domain\Domain.csproj", "{B8436B3E-266F-4ADE-9828-95669F609BDE}"
EndProject
Global
	GlobalSection(SolutionConfigurationPlatforms) = preSolution
		Debug|Any CPU = Debug|Any CPU
		Debug|x64 = Debug|x64
		Debug|x86 = Debug|x86
		Release|Any CPU = Release|Any CPU
		Release|x64 = Release|x64
		Release|x86 = Release|x86
	EndGlobalSection
	GlobalSection(SolutionProperties) = preSolution
		HideSolutionNode = FALSE
	EndGlobalSection
	GlobalSection(ProjectConfigurationPlatforms) = postSolution
		{2B175B0F-B75D-402B-9795-C5A1CDFE68C5}.Debug|Any CPU.ActiveCfg = Debug|Any CPU
		{2B175B0F-B75D-402B-9795-C5A1CDFE68C5}.Debug|Any CPU.Build.0 = Debug|Any CPU
		{2B175B0F-B75D-402B-9795-C5A1CDFE68C5}.Debug|x64.ActiveCfg = Debug|Any CPU
		{2B175B0F-B75D-402B-9795-C5A1CDFE68C5}.Debug|x64.Build.0 = Debug|Any CPU
		{2B175B0F-B75D-402B-9795-C5A1CDFE68C5}.Debug|x86.ActiveCfg = Debug|Any CPU
		{2B175B0F-B75D-402B-9795-C5A1CDFE68C5}.Debug|x86.Build.0 = Debug|Any CPU
		{2B175B0F-B75D-402B-9795-C5A1CDFE68C5}.Release|Any CPU.ActiveCfg = Release|Any CPU
		{2B175B0F-B75D-402B-9795-C5A1CDFE68C5}.Release|Any CPU.Build.0 = Release|Any CPU
		{2B175B0F-B75D-402B-9795-C5A1CDFE68C5}.Release|x64.ActiveCfg = Release|Any CPU
		{2B175B0F-B75D-402B-9795-C5A1CDFE68C5}.Release|x64.Build.0 = Release|Any CPU
		{2B175B0F-B75D-402B-9795-C5A1CDFE68C5}.Release|x86.ActiveCfg = Release|Any CPU
		{2B175B0F-B75D-402B-9795-C5A1CDFE68C5}.Release|x86.Build.0 = Release|Any CPU
		{5B266959-CDD7-45EC-A306-3D2F910976BD}.Debug|Any CPU.ActiveCfg = Debug|Any CPU
		{5B266959-CDD7-45EC-A306-3D2F910976BD}.Debug|Any CPU.Build.0 = Debug|Any CPU
		{5B266959-CDD7-45EC-A306-3D2F910976BD}.Debug|x64.ActiveCfg = Debug|Any CPU
		{5B266959-CDD7-45EC-A306-3D2F910976BD}.Debug|x64.Build.0 = Debug|Any CPU
		{5B266959-CDD7-45EC-A306-3D2F910976BD}.Debug|x86.ActiveCfg = Debug|Any CPU
		{5B266959-CDD7-45EC-A306-3D2F910976BD}.Debug|x86.Build.0 = Debug|Any CPU
		{5B266959-CDD7-45EC-A306-3D2F910976BD}.Release|Any CPU.ActiveCfg = Release|Any CPU
		{5B266959-CDD7-45EC-A306-3D2F910976BD}.Release|Any CPU.Build.0 = Release|Any CPU
		{5B266959-CDD7-45EC-A306-3D2F910976BD}.Release|x64.ActiveCfg = Release|Any CPU
		{5B266959-CDD7-45EC-A306-3D2F910976BD}.Release|x64.Build.0 = Release|Any CPU
		{5B266959-CDD7-45EC-A306-3D2F910976BD}.Release|x86.ActiveCfg = Release|Any CPU
		{5B266959-CDD7-45EC-A306-3D2F910976BD}.Release|x86.Build.0 = Release|Any CPU
		{B077FE23-3D18-42AF-9290-D546BEB73EAB}.Debug|Any CPU.ActiveCfg = Debug|Any CPU
		{B077FE23-3D18-42AF-9290-D546BEB73EAB}.Debug|Any CPU.Build.0 = Debug|Any CPU
		{B077FE23-3D18-42AF-9290-D546BEB73EAB}.Debug|x64.ActiveCfg = Debug|Any CPU
		{B077FE23-3D18-42AF-9290-D546BEB73EAB}.Debug|x64.Build.0 = Debug|Any CPU
		{B077FE23-3D18-42AF-9290-D546BEB73EAB}.Debug|x86.ActiveCfg = Debug|Any CPU
		{B077FE23-3D18-42AF-9290-D546BEB73EAB}.Debug|x86.Build.0 = Debug|Any CPU
		{B077FE23-3D18-42AF-9290-D546BEB73EAB}.Release|Any CPU.ActiveCfg = Release|Any CPU
		{B077FE23-3D18-42AF-9290-D546BEB73EAB}.Release|Any CPU.Build.0 = Release|Any CPU
		{B077FE23-3D18-42AF-9290-D546BEB73EAB}.Release|x64.ActiveCfg = Release|Any CPU
		{B077FE23-3D18-42AF-9290-D546BEB73EAB}.Release|x64.Build.0 = Release|Any CPU
		{B077FE23-3D18-42AF-9290-D546BEB73EAB}.Release|x86.ActiveCfg = Release|Any CPU
		{B077FE23-3D18-42AF-9290-D546BEB73EAB}.Release|x86.Build.0 = Release|Any CPU
		{B8436B3E-266F-4ADE-9828-95669F609BDE}.Debug|Any CPU.ActiveCfg = Debug|Any CPU
		{B8436B3E-266F-4ADE-9828-95669F609BDE}.Debug|Any CPU.Build.0 = Debug|Any CPU
		{B8436B3E-266F-4ADE-9828-95669F609BDE}.Debug|x64.ActiveCfg = Debug|Any CPU
		{B8436B3E-266F-4ADE-9828-95669F609BDE}.Debug|x64.Build.0 = Debug|Any CPU
		{B8436B3E-266F-4ADE-9828-95669F609BDE}.Debug|x86.ActiveCfg = Debug|Any CPU
		{B8436B3E-266F-4ADE-9828-95669F609BDE}.Debug|x86.Build.0 = Debug|Any CPU
		{B8436B3E-266F-4ADE-9828-95669F609BDE}.Release|Any CPU.ActiveCfg = Release|Any CPU
		{B8436B3E-266F-4ADE-9828-95669F609BDE}.Release|Any CPU.Build.0 = Release|Any CPU
		{B8436B3E-266F-4ADE-9828-95669F609BDE}.Release|x64.ActiveCfg = Release|Any CPU
		{B8436B3E-266F-4ADE-9828-95669F609BDE}.Release|x64.Build.0 = Release|Any CPU
		{B8436B3E-266F-4ADE-9828-95669F609BDE}.Release|x86.ActiveCfg = Release|Any CPU
		{B8436B3E-266F-4ADE-9828-95669F609BDE}.Release|x86.Build.0 = Release|Any CPU
	EndGlobalSection
EndGlobal
